
Microsoft Visual Studio Solution File, Format Version 12.00
# Visual Studio 14
VisualStudioVersion = 14.0.25420.1
MinimumVisualStudioVersion = 10.0.40219.1
Project("{A07B5EB6-E848-4116-A8D0-A826331D98C6}") = "BookListApp", "BookListApp\BookListApp.sfproj", "{F0698AD5-98A4-4399-B2A7-4E244EEC9E89}"
EndProject
Project("{FAE04EC0-301F-11D3-BF4B-00C04F79EFBC}") = "BookList.GatewayApi", "BookList.GatewayApi\BookList.GatewayApi.csproj", "{2D878E6E-BAFF-4A2B-9096-CE590B6A7468}"
EndProject
Project("{2150E333-8FDC-42A3-9474-1A3956D46DE8}") = "Shared", "Shared", "{937C1E19-6037-41B1-B3F4-EEEE1660C0C5}"
EndProject
Project("{FAE04EC0-301F-11D3-BF4B-00C04F79EFBC}") = "BookList.Common", "BookList.Common\BookList.Common.csproj", "{3303CE72-2140-41DC-8AEB-71B006AB2F6F}"
EndProject
Project("{FAE04EC0-301F-11D3-BF4B-00C04F79EFBC}") = "BookList.Library", "BookList.Library\BookList.Library.csproj", "{6AFD1409-6454-402B-B7D4-5C2B9EC0E3D5}"
EndProject
Project("{FAE04EC0-301F-11D3-BF4B-00C04F79EFBC}") = "BookList.BookActor", "BookList.BookActor\BookList.BookActor.csproj", "{7EB0DE67-2260-4C24-954C-81C89BA6E0AB}"
EndProject
Project("{FAE04EC0-301F-11D3-BF4B-00C04F79EFBC}") = "BookList.BookActor.Interfaces", "BookList.BookActor.Interfaces\BookList.BookActor.Interfaces.csproj", "{7EC09802-5054-4131-9F68-D3090575BA09}"
EndProject
Global
	GlobalSection(SolutionConfigurationPlatforms) = preSolution
		Debug|Any CPU = Debug|Any CPU
		Debug|x64 = Debug|x64
		Release|Any CPU = Release|Any CPU
		Release|x64 = Release|x64
	EndGlobalSection
	GlobalSection(ProjectConfigurationPlatforms) = postSolution
		{F0698AD5-98A4-4399-B2A7-4E244EEC9E89}.Debug|Any CPU.ActiveCfg = Debug|x64
		{F0698AD5-98A4-4399-B2A7-4E244EEC9E89}.Debug|x64.ActiveCfg = Debug|x64
		{F0698AD5-98A4-4399-B2A7-4E244EEC9E89}.Debug|x64.Build.0 = Debug|x64
		{F0698AD5-98A4-4399-B2A7-4E244EEC9E89}.Debug|x64.Deploy.0 = Debug|x64
		{F0698AD5-98A4-4399-B2A7-4E244EEC9E89}.Release|Any CPU.ActiveCfg = Release|x64
		{F0698AD5-98A4-4399-B2A7-4E244EEC9E89}.Release|x64.ActiveCfg = Release|x64
		{F0698AD5-98A4-4399-B2A7-4E244EEC9E89}.Release|x64.Build.0 = Release|x64
		{F0698AD5-98A4-4399-B2A7-4E244EEC9E89}.Release|x64.Deploy.0 = Release|x64
		{2D878E6E-BAFF-4A2B-9096-CE590B6A7468}.Debug|Any CPU.ActiveCfg = Debug|x64
		{2D878E6E-BAFF-4A2B-9096-CE590B6A7468}.Debug|x64.ActiveCfg = Debug|x64
		{2D878E6E-BAFF-4A2B-9096-CE590B6A7468}.Debug|x64.Build.0 = Debug|x64
		{2D878E6E-BAFF-4A2B-9096-CE590B6A7468}.Release|Any CPU.ActiveCfg = Release|x64
		{2D878E6E-BAFF-4A2B-9096-CE590B6A7468}.Release|x64.ActiveCfg = Release|x64
		{2D878E6E-BAFF-4A2B-9096-CE590B6A7468}.Release|x64.Build.0 = Release|x64
		{3303CE72-2140-41DC-8AEB-71B006AB2F6F}.Debug|Any CPU.ActiveCfg = Debug|Any CPU
		{3303CE72-2140-41DC-8AEB-71B006AB2F6F}.Debug|Any CPU.Build.0 = Debug|Any CPU
		{3303CE72-2140-41DC-8AEB-71B006AB2F6F}.Debug|x64.ActiveCfg = Debug|Any CPU
		{3303CE72-2140-41DC-8AEB-71B006AB2F6F}.Debug|x64.Build.0 = Debug|Any CPU
		{3303CE72-2140-41DC-8AEB-71B006AB2F6F}.Release|Any CPU.ActiveCfg = Release|Any CPU
		{3303CE72-2140-41DC-8AEB-71B006AB2F6F}.Release|Any CPU.Build.0 = Release|Any CPU
		{3303CE72-2140-41DC-8AEB-71B006AB2F6F}.Release|x64.ActiveCfg = Release|Any CPU
		{3303CE72-2140-41DC-8AEB-71B006AB2F6F}.Release|x64.Build.0 = Release|Any CPU
		{6AFD1409-6454-402B-B7D4-5C2B9EC0E3D5}.Debug|Any CPU.ActiveCfg = Debug|x64
		{6AFD1409-6454-402B-B7D4-5C2B9EC0E3D5}.Debug|x64.ActiveCfg = Debug|x64
		{6AFD1409-6454-402B-B7D4-5C2B9EC0E3D5}.Debug|x64.Build.0 = Debug|x64
		{6AFD1409-6454-402B-B7D4-5C2B9EC0E3D5}.Release|Any CPU.ActiveCfg = Release|x64
		{6AFD1409-6454-402B-B7D4-5C2B9EC0E3D5}.Release|x64.ActiveCfg = Release|x64
		{6AFD1409-6454-402B-B7D4-5C2B9EC0E3D5}.Release|x64.Build.0 = Release|x64
		{7EB0DE67-2260-4C24-954C-81C89BA6E0AB}.Debug|Any CPU.ActiveCfg = Debug|x64
		{7EB0DE67-2260-4C24-954C-81C89BA6E0AB}.Debug|x64.ActiveCfg = Debug|x64
		{7EB0DE67-2260-4C24-954C-81C89BA6E0AB}.Debug|x64.Build.0 = Debug|x64
		{7EB0DE67-2260-4C24-954C-81C89BA6E0AB}.Release|Any CPU.ActiveCfg = Release|x64
		{7EB0DE67-2260-4C24-954C-81C89BA6E0AB}.Release|x64.ActiveCfg = Release|x64
		{7EB0DE67-2260-4C24-954C-81C89BA6E0AB}.Release|x64.Build.0 = Release|x64
		{7EC09802-5054-4131-9F68-D3090575BA09}.Debug|Any CPU.ActiveCfg = Debug|x64
		{7EC09802-5054-4131-9F68-D3090575BA09}.Debug|x64.ActiveCfg = Debug|x64
		{7EC09802-5054-4131-9F68-D3090575BA09}.Debug|x64.Build.0 = Debug|x64
		{7EC09802-5054-4131-9F68-D3090575BA09}.Release|Any CPU.ActiveCfg = Release|x64
		{7EC09802-5054-4131-9F68-D3090575BA09}.Release|x64.ActiveCfg = Release|x64
		{7EC09802-5054-4131-9F68-D3090575BA09}.Release|x64.Build.0 = Release|x64
	EndGlobalSection
	GlobalSection(SolutionProperties) = preSolution
		HideSolutionNode = FALSE
	EndGlobalSection
	GlobalSection(NestedProjects) = preSolution
		{3303CE72-2140-41DC-8AEB-71B006AB2F6F} = {937C1E19-6037-41B1-B3F4-EEEE1660C0C5}
		{7EC09802-5054-4131-9F68-D3090575BA09} = {937C1E19-6037-41B1-B3F4-EEEE1660C0C5}
	EndGlobalSection
EndGlobal
